# THIS IS AN AUTOGENERATED FILE. DO NOT EDIT THIS FILE DIRECTLY.
# yarn lockfile v1


"@prisma/photon@^2.0.0-preview018":
  version "2.0.0-preview018"
  resolved "https://registry.yarnpkg.com/@prisma/photon/-/photon-2.0.0-preview018.tgz#65698a5da5aa83874058893ad681a814f72e015e"
  integrity sha512-XZR27e0gwpQzkUCMWGtR2DGPInLCPyGt8ZBDObmwMfUn7zlEN7zo0gFcTraAeeceJxlEPcDNU6NG3TZyu6cQew==

prettier@^1.19.1:
  version "1.19.1"
  resolved "https://registry.yarnpkg.com/prettier/-/prettier-1.19.1.tgz#f7d7f5ff8a9cd872a7be4ca142095956a60797cb"
  integrity sha512-s7PoyDv/II1ObgQunCbB9PdLmUcBZcnWOcxDh7O0N/UwDEsHyqkW+Qh28jW+mVuCdx7gLB0BotYI1Y6uI9iyew==

prisma2@^2.0.0-preview018:
  version "2.0.0-preview018"
  resolved "https://registry.yarnpkg.com/prisma2/-/prisma2-2.0.0-preview018.tgz#ff44fe3e4997b20d7816406c0cbaadaf13e83dc8"
  integrity sha512-OB1jPk1QyMtJH9juxLzFsH7Alh2IqqZbC7jpGdHH6pJAVFGs86tPj5dxr2m9zNZHa8RrrcMMA0La1xqwY6YQjQ==
